
Microsoft Visual Studio Solution File, Format Version 12.00
# Visual Studio 15
VisualStudioVersion = 15.0.28307.1401
MinimumVisualStudioVersion = 10.0.40219.1
Project("{FAE04EC0-301F-11D3-BF4B-00C04F79EFBC}") = "Core.Base", "Core.Base\Core.Base.csproj", "{E5FD0089-2E05-449A-A295-D4109DF96EB5}"
EndProject
Project("{FAE04EC0-301F-11D3-BF4B-00C04F79EFBC}") = "Core.Infrastructure", "Core.Infrastructure\Core.Infrastructure.csproj", "{C37D8D2A-529B-4A11-A485-37DE9DAC6C7C}"
EndProject
Project("{9A19103F-16F7-4668-BE54-9A1E7A4F7556}") = "Services.Host", "Services.Host\Services.Host.csproj", "{B09D4734-A367-4724-ACDE-718865AB39DD}"
EndProject
Project("{FAE04EC0-301F-11D3-BF4B-00C04F79EFBC}") = "OpenWeather.Connector", "OpenWeather.Connector\OpenWeather.Connector.csproj", "{692FA768-3A80-405C-A314-02DB87D34ADC}"
EndProject
Project("{2150E333-8FDC-42A3-9474-1A3956D46DE8}") = "API", "API", "{D6D003A4-FCA0-470D-A841-831FCB059F3F}"
EndProject
Project("{FAE04EC0-301F-11D3-BF4B-00C04F79EFBC}") = "OpenWeather.Infrastructure", "OpenWeather.Infrastructure\OpenWeather.Infrastructure.csproj", "{25C68A8B-9B55-4D4C-B46B-4B6B2C168AD1}"
EndProject
Project("{FAE04EC0-301F-11D3-BF4B-00C04F79EFBC}") = "Core.Shared", "Core.Shared\Core.Shared.csproj", "{D491FECC-771C-480F-96B3-D7E66E9E33D6}"
EndProject
Project("{2150E333-8FDC-42A3-9474-1A3956D46DE8}") = "OpenWeather", "OpenWeather", "{A09E6AC7-3535-4652-8B28-691D39F496FF}"
EndProject
Global
	GlobalSection(SolutionConfigurationPlatforms) = preSolution
		Debug|Any CPU = Debug|Any CPU
		Release|Any CPU = Release|Any CPU
	EndGlobalSection
	GlobalSection(ProjectConfigurationPlatforms) = postSolution
		{E5FD0089-2E05-449A-A295-D4109DF96EB5}.Debug|Any CPU.ActiveCfg = Debug|Any CPU
		{E5FD0089-2E05-449A-A295-D4109DF96EB5}.Debug|Any CPU.Build.0 = Debug|Any CPU
		{E5FD0089-2E05-449A-A295-D4109DF96EB5}.Release|Any CPU.ActiveCfg = Release|Any CPU
		{E5FD0089-2E05-449A-A295-D4109DF96EB5}.Release|Any CPU.Build.0 = Release|Any CPU
		{C37D8D2A-529B-4A11-A485-37DE9DAC6C7C}.Debug|Any CPU.ActiveCfg = Debug|Any CPU
		{C37D8D2A-529B-4A11-A485-37DE9DAC6C7C}.Debug|Any CPU.Build.0 = Debug|Any CPU
		{C37D8D2A-529B-4A11-A485-37DE9DAC6C7C}.Release|Any CPU.ActiveCfg = Release|Any CPU
		{C37D8D2A-529B-4A11-A485-37DE9DAC6C7C}.Release|Any CPU.Build.0 = Release|Any CPU
		{B09D4734-A367-4724-ACDE-718865AB39DD}.Debug|Any CPU.ActiveCfg = Debug|Any CPU
		{B09D4734-A367-4724-ACDE-718865AB39DD}.Debug|Any CPU.Build.0 = Debug|Any CPU
		{B09D4734-A367-4724-ACDE-718865AB39DD}.Release|Any CPU.ActiveCfg = Release|Any CPU
		{B09D4734-A367-4724-ACDE-718865AB39DD}.Release|Any CPU.Build.0 = Release|Any CPU
		{692FA768-3A80-405C-A314-02DB87D34ADC}.Debug|Any CPU.ActiveCfg = Debug|Any CPU
		{692FA768-3A80-405C-A314-02DB87D34ADC}.Debug|Any CPU.Build.0 = Debug|Any CPU
		{692FA768-3A80-405C-A314-02DB87D34ADC}.Release|Any CPU.ActiveCfg = Release|Any CPU
		{692FA768-3A80-405C-A314-02DB87D34ADC}.Release|Any CPU.Build.0 = Release|Any CPU
		{25C68A8B-9B55-4D4C-B46B-4B6B2C168AD1}.Debug|Any CPU.ActiveCfg = Debug|Any CPU
		{25C68A8B-9B55-4D4C-B46B-4B6B2C168AD1}.Debug|Any CPU.Build.0 = Debug|Any CPU
		{25C68A8B-9B55-4D4C-B46B-4B6B2C168AD1}.Release|Any CPU.ActiveCfg = Release|Any CPU
		{25C68A8B-9B55-4D4C-B46B-4B6B2C168AD1}.Release|Any CPU.Build.0 = Release|Any CPU
		{D491FECC-771C-480F-96B3-D7E66E9E33D6}.Debug|Any CPU.ActiveCfg = Debug|Any CPU
		{D491FECC-771C-480F-96B3-D7E66E9E33D6}.Debug|Any CPU.Build.0 = Debug|Any CPU
		{D491FECC-771C-480F-96B3-D7E66E9E33D6}.Release|Any CPU.ActiveCfg = Release|Any CPU
		{D491FECC-771C-480F-96B3-D7E66E9E33D6}.Release|Any CPU.Build.0 = Release|Any CPU
	EndGlobalSection
	GlobalSection(SolutionProperties) = preSolution
		HideSolutionNode = FALSE
	EndGlobalSection
	GlobalSection(NestedProjects) = preSolution
		{692FA768-3A80-405C-A314-02DB87D34ADC} = {A09E6AC7-3535-4652-8B28-691D39F496FF}
		{25C68A8B-9B55-4D4C-B46B-4B6B2C168AD1} = {A09E6AC7-3535-4652-8B28-691D39F496FF}
		{A09E6AC7-3535-4652-8B28-691D39F496FF} = {D6D003A4-FCA0-470D-A841-831FCB059F3F}
	EndGlobalSection
	GlobalSection(ExtensibilityGlobals) = postSolution
		SolutionGuid = {951617CD-49E3-4F3E-8E11-0A0108BA6286}
	EndGlobalSection
EndGlobal
